%{
  "dll_loader_helper_beam": {:hex, :dll_loader_helper_beam, "1.1.0", "37e2dd4a5e62904c294f9c3c5b99a58d424808855a48f7328ce4ac04c98ce0c2", [:rebar3], [], "hexpm", "afc6f3b20e436cbbcd1a22d30041c6f5f426ad51cab3d57377fe04ca95a2d853"},
  "elixir_make": {:git, "https://github.com/elixir-lang/elixir_make.git", "c98b0df2503b9e589ebc0124938a4d0fbe39b4ff", []},
}
